
Microsoft Visual Studio Solution File, Format Version 12.00
# Visual Studio Version 16
VisualStudioVersion = 16.0.31410.357
MinimumVisualStudioVersion = 10.0.40219.1
Project("{FAE04EC0-301F-11D3-BF4B-00C04F79EFBC}") = "FunctionalMonads", "FunctionalMonads\FunctionalMonads.csproj", "{1AC81F56-6F04-473C-BD45-E032137B4A3E}"
EndProject
Project("{FAE04EC0-301F-11D3-BF4B-00C04F79EFBC}") = "FunctionalMondasTests", "FunctionalMondasTests\FunctionalMondasTests.csproj", "{BEDF9C8F-FA02-4B69-B24F-E909BA5681E6}"
EndProject
Global
	GlobalSection(SolutionConfigurationPlatforms) = preSolution
		Debug|Any CPU = Debug|Any CPU
		Release|Any CPU = Release|Any CPU
	EndGlobalSection
	GlobalSection(ProjectConfigurationPlatforms) = postSolution
		{1AC81F56-6F04-473C-BD45-E032137B4A3E}.Debug|Any CPU.ActiveCfg = Debug|Any CPU
		{1AC81F56-6F04-473C-BD45-E032137B4A3E}.Debug|Any CPU.Build.0 = Debug|Any CPU
		{1AC81F56-6F04-473C-BD45-E032137B4A3E}.Release|Any CPU.ActiveCfg = Release|Any CPU
		{1AC81F56-6F04-473C-BD45-E032137B4A3E}.Release|Any CPU.Build.0 = Release|Any CPU
		{BEDF9C8F-FA02-4B69-B24F-E909BA5681E6}.Debug|Any CPU.ActiveCfg = Debug|Any CPU
		{BEDF9C8F-FA02-4B69-B24F-E909BA5681E6}.Debug|Any CPU.Build.0 = Debug|Any CPU
		{BEDF9C8F-FA02-4B69-B24F-E909BA5681E6}.Release|Any CPU.ActiveCfg = Release|Any CPU
		{BEDF9C8F-FA02-4B69-B24F-E909BA5681E6}.Release|Any CPU.Build.0 = Release|Any CPU
	EndGlobalSection
	GlobalSection(SolutionProperties) = preSolution
		HideSolutionNode = FALSE
	EndGlobalSection
	GlobalSection(ExtensibilityGlobals) = postSolution
		SolutionGuid = {37665DBD-B58E-47E0-9DF2-69C23E60381A}
	EndGlobalSection
EndGlobal
